# THIS IS AN AUTOGENERATED FILE. DO NOT EDIT THIS FILE DIRECTLY.
# yarn lockfile v1


react-native-cloud-store@^0.11.0:
  version "0.11.0"
  resolved "https://registry.yarnpkg.com/react-native-cloud-store/-/react-native-cloud-store-0.11.0.tgz#7446fa5e3f45a660b6629572879a50eb66c2b9bd"
  integrity sha512-Nd8a7mOo21Cpj++0TpKHfXRt3xJQ2E/SPxZe8S8lgN7VP54asEJVDt48Tv7OJq0iYypVJZqskHyh4iPvgrUn6g==

react-native-image-picker@^7.1.0:
  version "7.1.0"
  resolved "https://registry.yarnpkg.com/react-native-image-picker/-/react-native-image-picker-7.1.0.tgz#1a41cc45ccdc177c2ebf7c7accee0ceadc36abd8"
  integrity sha512-An0hn2mwqjGAA2mbsXdHRTyoMMklGPT9stIjE2zvkegU7CdoFhowqvVHfnELJNZnfAiSQuIaeY//z0r1R0lsgw==
